
Microsoft Visual Studio Solution File, Format Version 12.00
# Visual Studio Version 16
VisualStudioVersion = 16.0.31729.503
MinimumVisualStudioVersion = 10.0.40219.1
Project("{FAE04EC0-301F-11D3-BF4B-00C04F79EFBC}") = "WebApplication3", "WebApplication3\WebApplication3.csproj", "{C67F096F-6500-4449-B3CE-7B6C23A0B27C}"
EndProject
Global
	GlobalSection(SolutionConfigurationPlatforms) = preSolution
		Debug|Any CPU = Debug|Any CPU
		Release|Any CPU = Release|Any CPU
	EndGlobalSection
	GlobalSection(ProjectConfigurationPlatforms) = postSolution
		{C67F096F-6500-4449-B3CE-7B6C23A0B27C}.Debug|Any CPU.ActiveCfg = Debug|Any CPU
		{C67F096F-6500-4449-B3CE-7B6C23A0B27C}.Debug|Any CPU.Build.0 = Debug|Any CPU
		{C67F096F-6500-4449-B3CE-7B6C23A0B27C}.Release|Any CPU.ActiveCfg = Release|Any CPU
		{C67F096F-6500-4449-B3CE-7B6C23A0B27C}.Release|Any CPU.Build.0 = Release|Any CPU
	EndGlobalSection
	GlobalSection(SolutionProperties) = preSolution
		HideSolutionNode = FALSE
	EndGlobalSection
	GlobalSection(ExtensibilityGlobals) = postSolution
		SolutionGuid = {74A316E5-89E6-4203-ACDE-2E9C4A262427}
	EndGlobalSection
EndGlobal
